
Microsoft Visual Studio Solution File, Format Version 12.00
# Visual Studio Version 17
VisualStudioVersion = 17.9.34728.123
MinimumVisualStudioVersion = 10.0.40219.1
Project("{FAE04EC0-301F-11D3-BF4B-00C04F79EFBC}") = "ConsoleApp", "ConsoleApp\ConsoleApp.csproj", "{E331A9D4-B43A-4DFE-9EE0-56708728FB47}"
EndProject
Global
	GlobalSection(SolutionConfigurationPlatforms) = preSolution
		Debug|Any CPU = Debug|Any CPU
		Release|Any CPU = Release|Any CPU
	EndGlobalSection
	GlobalSection(ProjectConfigurationPlatforms) = postSolution
		{E331A9D4-B43A-4DFE-9EE0-56708728FB47}.Debug|Any CPU.ActiveCfg = Debug|Any CPU
		{E331A9D4-B43A-4DFE-9EE0-56708728FB47}.Debug|Any CPU.Build.0 = Debug|Any CPU
		{E331A9D4-B43A-4DFE-9EE0-56708728FB47}.Release|Any CPU.ActiveCfg = Release|Any CPU
		{E331A9D4-B43A-4DFE-9EE0-56708728FB47}.Release|Any CPU.Build.0 = Release|Any CPU
	EndGlobalSection
	GlobalSection(SolutionProperties) = preSolution
		HideSolutionNode = FALSE
	EndGlobalSection
	GlobalSection(ExtensibilityGlobals) = postSolution
		SolutionGuid = {692EC69E-3D8B-43D2-819B-3CD4E2A5D410}
	EndGlobalSection
EndGlobal
